
Microsoft Visual Studio Solution File, Format Version 12.00
# Visual Studio 2012
Project("{FAE04EC0-301F-11D3-BF4B-00C04F79EFBC}") = "MediaWikiPublisher.Library", "src\MediaWikiPublisher.Library\MediaWikiPublisher.Library.csproj", "{D60D27B4-5DB9-4ECB-BD42-FE166BA64D7E}"
EndProject
Project("{FAE04EC0-301F-11D3-BF4B-00C04F79EFBC}") = "MediaWikiPublisher.Converter", "src\MediaWikiPublisher.Converter\MediaWikiPublisher.Converter.csproj", "{2A547729-2DC4-451E-8ACF-E99D2AF83055}"
EndProject
Global
	GlobalSection(SolutionConfigurationPlatforms) = preSolution
		Debug|Any CPU = Debug|Any CPU
		Release|Any CPU = Release|Any CPU
	EndGlobalSection
	GlobalSection(ProjectConfigurationPlatforms) = postSolution
		{2A547729-2DC4-451E-8ACF-E99D2AF83055}.Debug|Any CPU.ActiveCfg = Debug|Any CPU
		{2A547729-2DC4-451E-8ACF-E99D2AF83055}.Debug|Any CPU.Build.0 = Debug|Any CPU
		{2A547729-2DC4-451E-8ACF-E99D2AF83055}.Release|Any CPU.ActiveCfg = Release|Any CPU
		{2A547729-2DC4-451E-8ACF-E99D2AF83055}.Release|Any CPU.Build.0 = Release|Any CPU
		{D60D27B4-5DB9-4ECB-BD42-FE166BA64D7E}.Debug|Any CPU.ActiveCfg = Debug|Any CPU
		{D60D27B4-5DB9-4ECB-BD42-FE166BA64D7E}.Debug|Any CPU.Build.0 = Debug|Any CPU
		{D60D27B4-5DB9-4ECB-BD42-FE166BA64D7E}.Release|Any CPU.ActiveCfg = Release|Any CPU
		{D60D27B4-5DB9-4ECB-BD42-FE166BA64D7E}.Release|Any CPU.Build.0 = Release|Any CPU
	EndGlobalSection
	GlobalSection(SolutionProperties) = preSolution
		HideSolutionNode = FALSE
	EndGlobalSection
EndGlobal
